
Microsoft Visual Studio Solution File, Format Version 12.00
# Visual Studio Version 16
VisualStudioVersion = 16.0.28606.126
MinimumVisualStudioVersion = 10.0.40219.1
Project("{FAE04EC0-301F-11D3-BF4B-00C04F79EFBC}") = "PropsBugDemonstrator", "PropsBugDemonstrator\PropsBugDemonstrator.csproj", "{0C2AC386-ADAC-49A6-B340-DF2E6A36A09A}"
EndProject
Project("{FAE04EC0-301F-11D3-BF4B-00C04F79EFBC}") = "PropsProject", "PropsProject\PropsProject.csproj", "{CF47978B-548A-490D-BC98-F0B0121C087D}"
EndProject
Global
	GlobalSection(SolutionConfigurationPlatforms) = preSolution
		Debug|Any CPU = Debug|Any CPU
		Release|Any CPU = Release|Any CPU
	EndGlobalSection
	GlobalSection(ProjectConfigurationPlatforms) = postSolution
		{0C2AC386-ADAC-49A6-B340-DF2E6A36A09A}.Debug|Any CPU.ActiveCfg = Debug|Any CPU
		{0C2AC386-ADAC-49A6-B340-DF2E6A36A09A}.Debug|Any CPU.Build.0 = Debug|Any CPU
		{0C2AC386-ADAC-49A6-B340-DF2E6A36A09A}.Release|Any CPU.ActiveCfg = Release|Any CPU
		{0C2AC386-ADAC-49A6-B340-DF2E6A36A09A}.Release|Any CPU.Build.0 = Release|Any CPU
		{CF47978B-548A-490D-BC98-F0B0121C087D}.Debug|Any CPU.ActiveCfg = Debug|Any CPU
		{CF47978B-548A-490D-BC98-F0B0121C087D}.Debug|Any CPU.Build.0 = Debug|Any CPU
		{CF47978B-548A-490D-BC98-F0B0121C087D}.Release|Any CPU.ActiveCfg = Release|Any CPU
		{CF47978B-548A-490D-BC98-F0B0121C087D}.Release|Any CPU.Build.0 = Release|Any CPU
	EndGlobalSection
	GlobalSection(SolutionProperties) = preSolution
		HideSolutionNode = FALSE
	EndGlobalSection
	GlobalSection(ExtensibilityGlobals) = postSolution
		SolutionGuid = {EDBE2398-DA30-417B-A739-B45F44481B47}
	EndGlobalSection
EndGlobal
